
Microsoft Visual Studio Solution File, Format Version 12.00
# Visual Studio Version 16
VisualStudioVersion = 16.0.29409.12
MinimumVisualStudioVersion = 10.0.40219.1
Project("{F2A71F9B-5D33-465A-A702-920D77279786}") = "SampleClinic", "SampleClinic.fsproj", "{A7C20C81-93E5-4768-A513-2AEABBD883D2}"
EndProject
Global
	GlobalSection(SolutionConfigurationPlatforms) = preSolution
		Debug|Any CPU = Debug|Any CPU
		Release|Any CPU = Release|Any CPU
	EndGlobalSection
	GlobalSection(ProjectConfigurationPlatforms) = postSolution
		{A7C20C81-93E5-4768-A513-2AEABBD883D2}.Debug|Any CPU.ActiveCfg = Debug|Any CPU
		{A7C20C81-93E5-4768-A513-2AEABBD883D2}.Debug|Any CPU.Build.0 = Debug|Any CPU
		{A7C20C81-93E5-4768-A513-2AEABBD883D2}.Release|Any CPU.ActiveCfg = Release|Any CPU
		{A7C20C81-93E5-4768-A513-2AEABBD883D2}.Release|Any CPU.Build.0 = Release|Any CPU
	EndGlobalSection
	GlobalSection(SolutionProperties) = preSolution
		HideSolutionNode = FALSE
	EndGlobalSection
	GlobalSection(ExtensibilityGlobals) = postSolution
		SolutionGuid = {72B8C830-E788-4CAD-B0D8-FD3799DC1439}
	EndGlobalSection
EndGlobal
